// !$*UTF8*$!
{
	archiveVersion = 1;
	classes = {
	};
	objectVersion = 48;
	objects = {

/* Begin PBXBuildFile section */
		0598E3316EE2FCE7B6CD35CC /* Pods_StockFrameTests.framework in Frameworks */ = {isa = PBXBuildFile; fileRef = 8A7DC487DE8AE5053834E01A /* Pods_StockFrameTests.framework */; };
		292F2D62204F92B0005AF091 /* AppDelegate.swift in Sources */ = {isa = PBXBuildFile; fileRef = 292F2D61204F92B0005AF091 /* AppDelegate.swift */; };
		292F2D64204F92B0005AF091 /* ViewController.swift in Sources */ = {isa = PBXBuildFile; fileRef = 292F2D63204F92B0005AF091 /* ViewController.swift */; };
		292F2D67204F92B0005AF091 /* Main.storyboard in Resources */ = {isa = PBXBuildFile; fileRef = 292F2D65204F92B0005AF091 /* Main.storyboard */; };
		292F2D69204F92B0005AF091 /* Assets.xcassets in Resources */ = {isa = PBXBuildFile; fileRef = 292F2D68204F92B0005AF091 /* Assets.xcassets */; };
		292F2D6C204F92B0005AF091 /* LaunchScreen.storyboard in Resources */ = {isa = PBXBuildFile; fileRef = 292F2D6A204F92B0005AF091 /* LaunchScreen.storyboard */; };
		292F2D77204F92B0005AF091 /* StockFrameTests.swift in Sources */ = {isa = PBXBuildFile; fileRef = 292F2D76204F92B0005AF091 /* StockFrameTests.swift */; };
		292F2D82204F92B0005AF091 /* StockFrameUITests.swift in Sources */ = {isa = PBXBuildFile; fileRef = 292F2D81204F92B0005AF091 /* StockFrameUITests.swift */; };
		292F2D90204F92E3005AF091 /* Podfile in Resources */ = {isa = PBXBuildFile; fileRef = 292F2D8F204F92E3005AF091 /* Podfile */; };
		2947DCB620B7D999007BCAF4 /* FDTUIFrameWork.swift in Sources */ = {isa = PBXBuildFile; fileRef = 2947DCB520B7D999007BCAF4 /* FDTUIFrameWork.swift */; };
		2947DCBE20B7E126007BCAF4 /* FDTUITabFrame.swift in Sources */ = {isa = PBXBuildFile; fileRef = 2947DCBD20B7E126007BCAF4 /* FDTUITabFrame.swift */; };
		2947DCC120B7F081007BCAF4 /* TabBarControllerBase.swift in Sources */ = {isa = PBXBuildFile; fileRef = 2947DCC020B7F081007BCAF4 /* TabBarControllerBase.swift */; };
		2947DCC320B7F1DA007BCAF4 /* NavigationControllerBase.swift in Sources */ = {isa = PBXBuildFile; fileRef = 2947DCC220B7F1DA007BCAF4 /* NavigationControllerBase.swift */; };
		2947DCD520B8068E007BCAF4 /* GDataXMLNode.m in Sources */ = {isa = PBXBuildFile; fileRef = 2947DCD420B8068E007BCAF4 /* GDataXMLNode.m */; settings = {COMPILER_FLAGS = "-fno-objc-arc"; }; };
		2947DCD720B806AA007BCAF4 /* libxml2.2.tbd in Frameworks */ = {isa = PBXBuildFile; fileRef = 2947DCD620B806AA007BCAF4 /* libxml2.2.tbd */; };
		2947DCDB20B8165B007BCAF4 /* FrameConfig.xml in Resources */ = {isa = PBXBuildFile; fileRef = 2947DCDA20B8165B007BCAF4 /* FrameConfig.xml */; };
		296A9A4E20E35EB800AA07DE /* GlobalMacro.swift in Sources */ = {isa = PBXBuildFile; fileRef = 296A9A4D20E35EB800AA07DE /* GlobalMacro.swift */; };
		296A9A5020E362E700AA07DE /* String+Extension.swift in Sources */ = {isa = PBXBuildFile; fileRef = 296A9A4F20E362E700AA07DE /* String+Extension.swift */; };
		296A9A5520E366B400AA07DE /* UIImage+Extension.swift in Sources */ = {isa = PBXBuildFile; fileRef = 296A9A5420E366B400AA07DE /* UIImage+Extension.swift */; };
		296A9A5720E370F500AA07DE /* FDTUIWindow.swift in Sources */ = {isa = PBXBuildFile; fileRef = 296A9A5620E370F500AA07DE /* FDTUIWindow.swift */; };
		296A9A5920E3713200AA07DE /* FDTEntry.swift in Sources */ = {isa = PBXBuildFile; fileRef = 296A9A5820E3713200AA07DE /* FDTEntry.swift */; };
		296A9A5D20E3938700AA07DE /* StockViewController.swift in Sources */ = {isa = PBXBuildFile; fileRef = 296A9A5C20E3938700AA07DE /* StockViewController.swift */; };
		296A9A5F20E393A900AA07DE /* FinancialViewController.swift in Sources */ = {isa = PBXBuildFile; fileRef = 296A9A5E20E393A900AA07DE /* FinancialViewController.swift */; };
		296A9A6120E393BC00AA07DE /* TransactionViewController.swift in Sources */ = {isa = PBXBuildFile; fileRef = 296A9A6020E393BC00AA07DE /* TransactionViewController.swift */; };
		296A9A6320E393CA00AA07DE /* MineViewController.swift in Sources */ = {isa = PBXBuildFile; fileRef = 296A9A6220E393CA00AA07DE /* MineViewController.swift */; };
		296A9A6520E3973A00AA07DE /* FDTEnum.swift in Sources */ = {isa = PBXBuildFile; fileRef = 296A9A6420E3973A00AA07DE /* FDTEnum.swift */; };
		296A9A6720E397B600AA07DE /* UIColor+Extension.swift in Sources */ = {isa = PBXBuildFile; fileRef = 296A9A6620E397B600AA07DE /* UIColor+Extension.swift */; };
		2990137220D3AFC9009B914C /* ViewControllerBase.swift in Sources */ = {isa = PBXBuildFile; fileRef = 2990137120D3AFC9009B914C /* ViewControllerBase.swift */; };
		2990137420D3AFE0009B914C /* NodeItem.swift in Sources */ = {isa = PBXBuildFile; fileRef = 2990137320D3AFE0009B914C /* NodeItem.swift */; };
		29F3900420DC8D2E00E76165 /* NodeManager.swift in Sources */ = {isa = PBXBuildFile; fileRef = 29F3900320DC8D2E00E76165 /* NodeManager.swift */; };
		76ECA25D7FABFBE1DE3EC40B /* Pods_StockFrame.framework in Frameworks */ = {isa = PBXBuildFile; fileRef = B56EA61C210A2315FDBF714D /* Pods_StockFrame.framework */; };
/* End PBXBuildFile section */

/* Begin PBXContainerItemProxy section */
		292F2D73204F92B0005AF091 /* PBXContainerItemProxy */ = {
			isa = PBXContainerItemProxy;
			containerPortal = 292F2D56204F92B0005AF091 /* Project object */;
			proxyType = 1;
			remoteGlobalIDString = 292F2D5D204F92B0005AF091;
			remoteInfo = StockFrame;
		};
		292F2D7E204F92B0005AF091 /* PBXContainerItemProxy */ = {
			isa = PBXContainerItemProxy;
			containerPortal = 292F2D56204F92B0005AF091 /* Project object */;
			proxyType = 1;
			remoteGlobalIDString = 292F2D5D204F92B0005AF091;
			remoteInfo = StockFrame;
		};
/* End PBXContainerItemProxy section */

/* Begin PBXFileReference section */
		292F2D5E204F92B0005AF091 /* StockFrame.app */ = {isa = PBXFileReference; explicitFileType = wrapper.application; includeInIndex = 0; path = StockFrame.app; sourceTree = BUILT_PRODUCTS_DIR; };
		292F2D61204F92B0005AF091 /* AppDelegate.swift */ = {isa = PBXFileReference; lastKnownFileType = sourcecode.swift; path = AppDelegate.swift; sourceTree = "<group>"; };
		292F2D63204F92B0005AF091 /* ViewController.swift */ = {isa = PBXFileReference; lastKnownFileType = sourcecode.swift; path = ViewController.swift; sourceTree = "<group>"; };
		292F2D66204F92B0005AF091 /* Base */ = {isa = PBXFileReference; lastKnownFileType = file.storyboard; name = Base; path = Base.lproj/Main.storyboard; sourceTree = "<group>"; };
		292F2D68204F92B0005AF091 /* Assets.xcassets */ = {isa = PBXFileReference; lastKnownFileType = folder.assetcatalog; path = Assets.xcassets; sourceTree = "<group>"; };
		292F2D6B204F92B0005AF091 /* Base */ = {isa = PBXFileReference; lastKnownFileType = file.storyboard; name = Base; path = Base.lproj/LaunchScreen.storyboard; sourceTree = "<group>"; };
		292F2D6D204F92B0005AF091 /* Info.plist */ = {isa = PBXFileReference; lastKnownFileType = text.plist.xml; path = Info.plist; sourceTree = "<group>"; };
		292F2D72204F92B0005AF091 /* StockFrameTests.xctest */ = {isa = PBXFileReference; explicitFileType = wrapper.cfbundle; includeInIndex = 0; path = StockFrameTests.xctest; sourceTree = BUILT_PRODUCTS_DIR; };
		292F2D76204F92B0005AF091 /* StockFrameTests.swift */ = {isa = PBXFileReference; lastKnownFileType = sourcecode.swift; path = StockFrameTests.swift; sourceTree = "<group>"; };
		292F2D78204F92B0005AF091 /* Info.plist */ = {isa = PBXFileReference; lastKnownFileType = text.plist.xml; path = Info.plist; sourceTree = "<group>"; };
		292F2D7D204F92B0005AF091 /* StockFrameUITests.xctest */ = {isa = PBXFileReference; explicitFileType = wrapper.cfbundle; includeInIndex = 0; path = StockFrameUITests.xctest; sourceTree = BUILT_PRODUCTS_DIR; };
		292F2D81204F92B0005AF091 /* StockFrameUITests.swift */ = {isa = PBXFileReference; lastKnownFileType = sourcecode.swift; path = StockFrameUITests.swift; sourceTree = "<group>"; };
		292F2D83204F92B0005AF091 /* Info.plist */ = {isa = PBXFileReference; lastKnownFileType = text.plist.xml; path = Info.plist; sourceTree = "<group>"; };
		292F2D8F204F92E3005AF091 /* Podfile */ = {isa = PBXFileReference; fileEncoding = 4; lastKnownFileType = text; path = Podfile; sourceTree = "<group>"; xcLanguageSpecificationIdentifier = xcode.lang.ruby; };
		2947DCB520B7D999007BCAF4 /* FDTUIFrameWork.swift */ = {isa = PBXFileReference; lastKnownFileType = sourcecode.swift; path = FDTUIFrameWork.swift; sourceTree = "<group>"; };
		2947DCBD20B7E126007BCAF4 /* FDTUITabFrame.swift */ = {isa = PBXFileReference; lastKnownFileType = sourcecode.swift; path = FDTUITabFrame.swift; sourceTree = "<group>"; };
		2947DCC020B7F081007BCAF4 /* TabBarControllerBase.swift */ = {isa = PBXFileReference; lastKnownFileType = sourcecode.swift; path = TabBarControllerBase.swift; sourceTree = "<group>"; };
		2947DCC220B7F1DA007BCAF4 /* NavigationControllerBase.swift */ = {isa = PBXFileReference; lastKnownFileType = sourcecode.swift; path = NavigationControllerBase.swift; sourceTree = "<group>"; };
		2947DCD320B8068E007BCAF4 /* GDataXMLNode.h */ = {isa = PBXFileReference; fileEncoding = 4; lastKnownFileType = sourcecode.c.h; path = GDataXMLNode.h; sourceTree = "<group>"; };
		2947DCD420B8068E007BCAF4 /* GDataXMLNode.m */ = {isa = PBXFileReference; fileEncoding = 4; lastKnownFileType = sourcecode.c.objc; path = GDataXMLNode.m; sourceTree = "<group>"; };
		2947DCD620B806AA007BCAF4 /* libxml2.2.tbd */ = {isa = PBXFileReference; lastKnownFileType = "sourcecode.text-based-dylib-definition"; name = libxml2.2.tbd; path = usr/lib/libxml2.2.tbd; sourceTree = SDKROOT; };
		2947DCD820B80BEE007BCAF4 /* StockFrame-Bridging-Header.h */ = {isa = PBXFileReference; lastKnownFileType = sourcecode.c.h; path = "StockFrame-Bridging-Header.h"; sourceTree = "<group>"; };
		2947DCDA20B8165B007BCAF4 /* FrameConfig.xml */ = {isa = PBXFileReference; fileEncoding = 4; lastKnownFileType = text.xml; path = FrameConfig.xml; sourceTree = "<group>"; };
		296A9A4D20E35EB800AA07DE /* GlobalMacro.swift */ = {isa = PBXFileReference; lastKnownFileType = sourcecode.swift; path = GlobalMacro.swift; sourceTree = "<group>"; };
		296A9A4F20E362E700AA07DE /* String+Extension.swift */ = {isa = PBXFileReference; lastKnownFileType = sourcecode.swift; path = "String+Extension.swift"; sourceTree = "<group>"; };
		296A9A5420E366B400AA07DE /* UIImage+Extension.swift */ = {isa = PBXFileReference; lastKnownFileType = sourcecode.swift; path = "UIImage+Extension.swift"; sourceTree = "<group>"; };
		296A9A5620E370F500AA07DE /* FDTUIWindow.swift */ = {isa = PBXFileReference; lastKnownFileType = sourcecode.swift; path = FDTUIWindow.swift; sourceTree = "<group>"; };
		296A9A5820E3713200AA07DE /* FDTEntry.swift */ = {isa = PBXFileReference; lastKnownFileType = sourcecode.swift; path = FDTEntry.swift; sourceTree = "<group>"; };
		296A9A5C20E3938700AA07DE /* StockViewController.swift */ = {isa = PBXFileReference; lastKnownFileType = sourcecode.swift; path = StockViewController.swift; sourceTree = "<group>"; };
		296A9A5E20E393A900AA07DE /* FinancialViewController.swift */ = {isa = PBXFileReference; lastKnownFileType = sourcecode.swift; path = FinancialViewController.swift; sourceTree = "<group>"; };
		296A9A6020E393BC00AA07DE /* TransactionViewController.swift */ = {isa = PBXFileReference; lastKnownFileType = sourcecode.swift; path = TransactionViewController.swift; sourceTree = "<group>"; };
		296A9A6220E393CA00AA07DE /* MineViewController.swift */ = {isa = PBXFileReference; lastKnownFileType = sourcecode.swift; path = MineViewController.swift; sourceTree = "<group>"; };
		296A9A6420E3973A00AA07DE /* FDTEnum.swift */ = {isa = PBXFileReference; lastKnownFileType = sourcecode.swift; path = FDTEnum.swift; sourceTree = "<group>"; };
		296A9A6620E397B600AA07DE /* UIColor+Extension.swift */ = {isa = PBXFileReference; lastKnownFileType = sourcecode.swift; path = "UIColor+Extension.swift"; sourceTree = "<group>"; };
		2990137120D3AFC9009B914C /* ViewControllerBase.swift */ = {isa = PBXFileReference; lastKnownFileType = sourcecode.swift; path = ViewControllerBase.swift; sourceTree = "<group>"; };
		2990137320D3AFE0009B914C /* NodeItem.swift */ = {isa = PBXFileReference; lastKnownFileType = sourcecode.swift; path = NodeItem.swift; sourceTree = "<group>"; };
		29F3900320DC8D2E00E76165 /* NodeManager.swift */ = {isa = PBXFileReference; lastKnownFileType = sourcecode.swift; path = NodeManager.swift; sourceTree = "<group>"; };
		555E1DC5B9168A94DF945015 /* Pods-StockFrame.release.xcconfig */ = {isa = PBXFileReference; includeInIndex = 1; lastKnownFileType = text.xcconfig; name = "Pods-StockFrame.release.xcconfig"; path = "Pods/Target Support Files/Pods-StockFrame/Pods-StockFrame.release.xcconfig"; sourceTree = "<group>"; };
		834AF762B77B599313483F71 /* Pods-StockFrameTests.debug.xcconfig */ = {isa = PBXFileReference; includeInIndex = 1; lastKnownFileType = text.xcconfig; name = "Pods-StockFrameTests.debug.xcconfig"; path = "Pods/Target Support Files/Pods-StockFrameTests/Pods-StockFrameTests.debug.xcconfig"; sourceTree = "<group>"; };
		863EB99F651FBCC656F4C49A /* Pods-StockFrame.debug.xcconfig */ = {isa = PBXFileReference; includeInIndex = 1; lastKnownFileType = text.xcconfig; name = "Pods-StockFrame.debug.xcconfig"; path = "Pods/Target Support Files/Pods-StockFrame/Pods-StockFrame.debug.xcconfig"; sourceTree = "<group>"; };
		8A7DC487DE8AE5053834E01A /* Pods_StockFrameTests.framework */ = {isa = PBXFileReference; explicitFileType = wrapper.framework; includeInIndex = 0; path = Pods_StockFrameTests.framework; sourceTree = BUILT_PRODUCTS_DIR; };
		8CEDA2EC51A15189C5A3B993 /* Pods-StockFrameTests.release.xcconfig */ = {isa = PBXFileReference; includeInIndex = 1; lastKnownFileType = text.xcconfig; name = "Pods-StockFrameTests.release.xcconfig"; path = "Pods/Target Support Files/Pods-StockFrameTests/Pods-StockFrameTests.release.xcconfig"; sourceTree = "<group>"; };
		B56EA61C210A2315FDBF714D /* Pods_StockFrame.framework */ = {isa = PBXFileReference; explicitFileType = wrapper.framework; includeInIndex = 0; path = Pods_StockFrame.framework; sourceTree = BUILT_PRODUCTS_DIR; };
/* End PBXFileReference section */

/* Begin PBXFrameworksBuildPhase section */
		292F2D5B204F92B0005AF091 /* Frameworks */ = {
			isa = PBXFrameworksBuildPhase;
			buildActionMask = 2147483647;
			files = (
				2947DCD720B806AA007BCAF4 /* libxml2.2.tbd in Frameworks */,
				76ECA25D7FABFBE1DE3EC40B /* Pods_StockFrame.framework in Frameworks */,
			);
			runOnlyForDeploymentPostprocessing = 0;
		};
		292F2D6F204F92B0005AF091 /* Frameworks */ = {
			isa = PBXFrameworksBuildPhase;
			buildActionMask = 2147483647;
			files = (
				0598E3316EE2FCE7B6CD35CC /* Pods_StockFrameTests.framework in Frameworks */,
			);
			runOnlyForDeploymentPostprocessing = 0;
		};
		292F2D7A204F92B0005AF091 /* Frameworks */ = {
			isa = PBXFrameworksBuildPhase;
			buildActionMask = 2147483647;
			files = (
			);
			runOnlyForDeploymentPostprocessing = 0;
		};
/* End PBXFrameworksBuildPhase section */

/* Begin PBXGroup section */
		292F2D55204F92B0005AF091 = {
			isa = PBXGroup;
			children = (
				2947DCD120B8068E007BCAF4 /* Vender */,
				292F2D8F204F92E3005AF091 /* Podfile */,
				292F2D60204F92B0005AF091 /* StockFrame */,
				292F2D75204F92B0005AF091 /* StockFrameTests */,
				292F2D80204F92B0005AF091 /* StockFrameUITests */,
				292F2D5F204F92B0005AF091 /* Products */,
				E616899C87140A4CBC418C5D /* Pods */,
				A12DF80AC0D920DF4CF09BA0 /* Frameworks */,
			);
			sourceTree = "<group>";
		};
		292F2D5F204F92B0005AF091 /* Products */ = {
			isa = PBXGroup;
			children = (
				292F2D5E204F92B0005AF091 /* StockFrame.app */,
				292F2D72204F92B0005AF091 /* StockFrameTests.xctest */,
				292F2D7D204F92B0005AF091 /* StockFrameUITests.xctest */,
			);
			name = Products;
			sourceTree = "<group>";
		};
		292F2D60204F92B0005AF091 /* StockFrame */ = {
			isa = PBXGroup;
			children = (
				296A9A5A20E3875E00AA07DE /* PageComponents */,
				296A9A4C20E35E5F00AA07DE /* Common */,
				29F3900120DC8C9400E76165 /* Extension */,
				29F3900220DC8C9400E76165 /* Tools */,
				29F38FFE20DC8C6400E76165 /* CommonUI */,
				2947DCB420B7D975007BCAF4 /* UIFrameWork */,
				292F2D61204F92B0005AF091 /* AppDelegate.swift */,
				292F2D63204F92B0005AF091 /* ViewController.swift */,
				292F2D65204F92B0005AF091 /* Main.storyboard */,
				292F2D68204F92B0005AF091 /* Assets.xcassets */,
				292F2D6A204F92B0005AF091 /* LaunchScreen.storyboard */,
				292F2D6D204F92B0005AF091 /* Info.plist */,
				2947DCD820B80BEE007BCAF4 /* StockFrame-Bridging-Header.h */,
			);
			path = StockFrame;
			sourceTree = "<group>";
		};
		292F2D75204F92B0005AF091 /* StockFrameTests */ = {
			isa = PBXGroup;
			children = (
				292F2D76204F92B0005AF091 /* StockFrameTests.swift */,
				292F2D78204F92B0005AF091 /* Info.plist */,
			);
			path = StockFrameTests;
			sourceTree = "<group>";
		};
		292F2D80204F92B0005AF091 /* StockFrameUITests */ = {
			isa = PBXGroup;
			children = (
				292F2D81204F92B0005AF091 /* StockFrameUITests.swift */,
				292F2D83204F92B0005AF091 /* Info.plist */,
			);
			path = StockFrameUITests;
			sourceTree = "<group>";
		};
		2947DCB420B7D975007BCAF4 /* UIFrameWork */ = {
			isa = PBXGroup;
			children = (
				2947DCD920B81647007BCAF4 /* XMLNode */,
				2947DCBF20B7F01E007BCAF4 /* BaseViewController */,
				2947DCB520B7D999007BCAF4 /* FDTUIFrameWork.swift */,
				2947DCBD20B7E126007BCAF4 /* FDTUITabFrame.swift */,
				296A9A5620E370F500AA07DE /* FDTUIWindow.swift */,
				296A9A5820E3713200AA07DE /* FDTEntry.swift */,
			);
			path = UIFrameWork;
			sourceTree = "<group>";
		};
		2947DCBF20B7F01E007BCAF4 /* BaseViewController */ = {
			isa = PBXGroup;
			children = (
				2947DCC020B7F081007BCAF4 /* TabBarControllerBase.swift */,
				2947DCC220B7F1DA007BCAF4 /* NavigationControllerBase.swift */,
				2990137120D3AFC9009B914C /* ViewControllerBase.swift */,
			);
			path = BaseViewController;
			sourceTree = "<group>";
		};
		2947DCD120B8068E007BCAF4 /* Vender */ = {
			isa = PBXGroup;
			children = (
				2947DCD220B8068E007BCAF4 /* GDataXML */,
			);
			path = Vender;
			sourceTree = "<group>";
		};
		2947DCD220B8068E007BCAF4 /* GDataXML */ = {
			isa = PBXGroup;
			children = (
				2947DCD320B8068E007BCAF4 /* GDataXMLNode.h */,
				2947DCD420B8068E007BCAF4 /* GDataXMLNode.m */,
			);
			path = GDataXML;
			sourceTree = "<group>";
		};
		2947DCD920B81647007BCAF4 /* XMLNode */ = {
			isa = PBXGroup;
			children = (
				2947DCDA20B8165B007BCAF4 /* FrameConfig.xml */,
				2990137320D3AFE0009B914C /* NodeItem.swift */,
				29F3900320DC8D2E00E76165 /* NodeManager.swift */,
			);
			path = XMLNode;
			sourceTree = "<group>";
		};
		296A9A4C20E35E5F00AA07DE /* Common */ = {
			isa = PBXGroup;
			children = (
				296A9A4D20E35EB800AA07DE /* GlobalMacro.swift */,
				296A9A6420E3973A00AA07DE /* FDTEnum.swift */,
			);
			path = Common;
			sourceTree = "<group>";
		};
		296A9A5A20E3875E00AA07DE /* PageComponents */ = {
			isa = PBXGroup;
			children = (
				296A9A5B20E3878D00AA07DE /* TabPage */,
			);
			path = PageComponents;
			sourceTree = "<group>";
		};
		296A9A5B20E3878D00AA07DE /* TabPage */ = {
			isa = PBXGroup;
			children = (
				296A9A5C20E3938700AA07DE /* StockViewController.swift */,
				296A9A5E20E393A900AA07DE /* FinancialViewController.swift */,
				296A9A6020E393BC00AA07DE /* TransactionViewController.swift */,
				296A9A6220E393CA00AA07DE /* MineViewController.swift */,
			);
			path = TabPage;
			sourceTree = "<group>";
		};
		29F38FFE20DC8C6400E76165 /* CommonUI */ = {
			isa = PBXGroup;
			children = (
			);
			path = CommonUI;
			sourceTree = "<group>";
		};
		29F3900120DC8C9400E76165 /* Extension */ = {
			isa = PBXGroup;
			children = (
				296A9A4F20E362E700AA07DE /* String+Extension.swift */,
				296A9A5420E366B400AA07DE /* UIImage+Extension.swift */,
				296A9A6620E397B600AA07DE /* UIColor+Extension.swift */,
			);
			path = Extension;
			sourceTree = "<group>";
		};
		29F3900220DC8C9400E76165 /* Tools */ = {
			isa = PBXGroup;
			children = (
			);
			path = Tools;
			sourceTree = "<group>";
		};
		A12DF80AC0D920DF4CF09BA0 /* Frameworks */ = {
			isa = PBXGroup;
			children = (
				2947DCD620B806AA007BCAF4 /* libxml2.2.tbd */,
				B56EA61C210A2315FDBF714D /* Pods_StockFrame.framework */,
				8A7DC487DE8AE5053834E01A /* Pods_StockFrameTests.framework */,
			);
			name = Frameworks;
			sourceTree = "<group>";
		};
		E616899C87140A4CBC418C5D /* Pods */ = {
			isa = PBXGroup;
			children = (
				863EB99F651FBCC656F4C49A /* Pods-StockFrame.debug.xcconfig */,
				555E1DC5B9168A94DF945015 /* Pods-StockFrame.release.xcconfig */,
				834AF762B77B599313483F71 /* Pods-StockFrameTests.debug.xcconfig */,
				8CEDA2EC51A15189C5A3B993 /* Pods-StockFrameTests.release.xcconfig */,
			);
			name = Pods;
			sourceTree = "<group>";
		};
/* End PBXGroup section */

/* Begin PBXNativeTarget section */
		292F2D5D204F92B0005AF091 /* StockFrame */ = {
			isa = PBXNativeTarget;
			buildConfigurationList = 292F2D86204F92B0005AF091 /* Build configuration list for PBXNativeTarget "StockFrame" */;
			buildPhases = (
				22DFF6F1A2645D6264B94AD8 /* [CP] Check Pods Manifest.lock */,
				292F2D5A204F92B0005AF091 /* Sources */,
				292F2D5B204F92B0005AF091 /* Frameworks */,
				292F2D5C204F92B0005AF091 /* Resources */,
				93E3E835074FE022B07C2A4E /* [CP] Embed Pods Frameworks */,
				680018D0DAE09D8C59F8C0D2 /* [CP] Copy Pods Resources */,
			);
			buildRules = (
			);
			dependencies = (
			);
			name = StockFrame;
			productName = StockFrame;
			productReference = 292F2D5E204F92B0005AF091 /* StockFrame.app */;
			productType = "com.apple.product-type.application";
		};
		292F2D71204F92B0005AF091 /* StockFrameTests */ = {
			isa = PBXNativeTarget;
			buildConfigurationList = 292F2D89204F92B0005AF091 /* Build configuration list for PBXNativeTarget "StockFrameTests" */;
			buildPhases = (
				1D220C1EDB63755A40A0ACA9 /* [CP] Check Pods Manifest.lock */,
				292F2D6E204F92B0005AF091 /* Sources */,
				292F2D6F204F92B0005AF091 /* Frameworks */,
				292F2D70204F92B0005AF091 /* Resources */,
				13D899A9822593E528DC5C8A /* [CP] Embed Pods Frameworks */,
				4F9A209434460D16012EDF2A /* [CP] Copy Pods Resources */,
			);
			buildRules = (
			);
			dependencies = (
				292F2D74204F92B0005AF091 /* PBXTargetDependency */,
			);
			name = StockFrameTests;
			productName = StockFrameTests;
			productReference = 292F2D72204F92B0005AF091 /* StockFrameTests.xctest */;
			productType = "com.apple.product-type.bundle.unit-test";
		};
		292F2D7C204F92B0005AF091 /* StockFrameUITests */ = {
			isa = PBXNativeTarget;
			buildConfigurationList = 292F2D8C204F92B0005AF091 /* Build configuration list for PBXNativeTarget "StockFrameUITests" */;
			buildPhases = (
				292F2D79204F92B0005AF091 /* Sources */,
				292F2D7A204F92B0005AF091 /* Frameworks */,
				292F2D7B204F92B0005AF091 /* Resources */,
			);
			buildRules = (
			);
			dependencies = (
				292F2D7F204F92B0005AF091 /* PBXTargetDependency */,
			);
			name = StockFrameUITests;
			productName = StockFrameUITests;
			productReference = 292F2D7D204F92B0005AF091 /* StockFrameUITests.xctest */;
			productType = "com.apple.product-type.bundle.ui-testing";
		};
/* End PBXNativeTarget section */

/* Begin PBXProject section */
		292F2D56204F92B0005AF091 /* Project object */ = {
			isa = PBXProject;
			attributes = {
				LastSwiftUpdateCheck = 0920;
				LastUpgradeCheck = 0920;
				ORGANIZATIONNAME = ljt;
				TargetAttributes = {
					292F2D5D204F92B0005AF091 = {
						CreatedOnToolsVersion = 9.2;
						ProvisioningStyle = Automatic;
					};
					292F2D71204F92B0005AF091 = {
						CreatedOnToolsVersion = 9.2;
						ProvisioningStyle = Automatic;
						TestTargetID = 292F2D5D204F92B0005AF091;
					};
					292F2D7C204F92B0005AF091 = {
						CreatedOnToolsVersion = 9.2;
						ProvisioningStyle = Automatic;
						TestTargetID = 292F2D5D204F92B0005AF091;
					};
				};
			};
			buildConfigurationList = 292F2D59204F92B0005AF091 /* Build configuration list for PBXProject "StockFrame" */;
			compatibilityVersion = "Xcode 8.0";
			developmentRegion = en;
			hasScannedForEncodings = 0;
			knownRegions = (
				en,
				Base,
			);
			mainGroup = 292F2D55204F92B0005AF091;
			productRefGroup = 292F2D5F204F92B0005AF091 /* Products */;
			projectDirPath = "";
			projectRoot = "";
			targets = (
				292F2D5D204F92B0005AF091 /* StockFrame */,
				292F2D71204F92B0005AF091 /* StockFrameTests */,
				292F2D7C204F92B0005AF091 /* StockFrameUITests */,
			);
		};
/* End PBXProject section */

/* Begin PBXResourcesBuildPhase section */
		292F2D5C204F92B0005AF091 /* Resources */ = {
			isa = PBXResourcesBuildPhase;
			buildActionMask = 2147483647;
			files = (
				2947DCDB20B8165B007BCAF4 /* FrameConfig.xml in Resources */,
				292F2D6C204F92B0005AF091 /* LaunchScreen.storyboard in Resources */,
				292F2D69204F92B0005AF091 /* Assets.xcassets in Resources */,
				292F2D90204F92E3005AF091 /* Podfile in Resources */,
				292F2D67204F92B0005AF091 /* Main.storyboard in Resources */,
			);
			runOnlyForDeploymentPostprocessing = 0;
		};
		292F2D70204F92B0005AF091 /* Resources */ = {
			isa = PBXResourcesBuildPhase;
			buildActionMask = 2147483647;
			files = (
			);
			runOnlyForDeploymentPostprocessing = 0;
		};
		292F2D7B204F92B0005AF091 /* Resources */ = {
			isa = PBXResourcesBuildPhase;
			buildActionMask = 2147483647;
			files = (
			);
			runOnlyForDeploymentPostprocessing = 0;
		};
/* End PBXResourcesBuildPhase section */

/* Begin PBXShellScriptBuildPhase section */
		13D899A9822593E528DC5C8A /* [CP] Embed Pods Frameworks */ = {
			isa = PBXShellScriptBuildPhase;
			buildActionMask = 2147483647;
			files = (
			);
			inputPaths = (
				"${SRCROOT}/Pods/Target Support Files/Pods-StockFrameTests/Pods-StockFrameTests-frameworks.sh",
				"${BUILT_PRODUCTS_DIR}/Alamofire/Alamofire.framework",
				"${BUILT_PRODUCTS_DIR}/CocoaAsyncSocket/CocoaAsyncSocket.framework",
				"${BUILT_PRODUCTS_DIR}/MBProgressHUD/MBProgressHUD.framework",
				"${BUILT_PRODUCTS_DIR}/SDWebImage/SDWebImage.framework",
				"${BUILT_PRODUCTS_DIR}/SnapKit/SnapKit.framework",
				"${BUILT_PRODUCTS_DIR}/SwiftyJSON/SwiftyJSON.framework",
			);
			name = "[CP] Embed Pods Frameworks";
			outputPaths = (
				"${TARGET_BUILD_DIR}/${FRAMEWORKS_FOLDER_PATH}/Alamofire.framework",
				"${TARGET_BUILD_DIR}/${FRAMEWORKS_FOLDER_PATH}/CocoaAsyncSocket.framework",
				"${TARGET_BUILD_DIR}/${FRAMEWORKS_FOLDER_PATH}/MBProgressHUD.framework",
				"${TARGET_BUILD_DIR}/${FRAMEWORKS_FOLDER_PATH}/SDWebImage.framework",
				"${TARGET_BUILD_DIR}/${FRAMEWORKS_FOLDER_PATH}/SnapKit.framework",
				"${TARGET_BUILD_DIR}/${FRAMEWORKS_FOLDER_PATH}/SwiftyJSON.framework",
			);
			runOnlyForDeploymentPostprocessing = 0;
			shellPath = /bin/sh;
			shellScript = "\"${SRCROOT}/Pods/Target Support Files/Pods-StockFrameTests/Pods-StockFrameTests-frameworks.sh\"\n";
			showEnvVarsInLog = 0;
		};
		1D220C1EDB63755A40A0ACA9 /* [CP] Check Pods Manifest.lock */ = {
			isa = PBXShellScriptBuildPhase;
			buildActionMask = 2147483647;
			files = (
			);
			inputPaths = (
				"${PODS_PODFILE_DIR_PATH}/Podfile.lock",
				"${PODS_ROOT}/Manifest.lock",
			);
			name = "[CP] Check Pods Manifest.lock";
			outputPaths = (
				"$(DERIVED_FILE_DIR)/Pods-StockFrameTests-checkManifestLockResult.txt",
			);
			runOnlyForDeploymentPostprocessing = 0;
			shellPath = /bin/sh;
			shellScript = "diff \"${PODS_PODFILE_DIR_PATH}/Podfile.lock\" \"${PODS_ROOT}/Manifest.lock\" > /dev/null\nif [ $? != 0 ] ; then\n    # print error to STDERR\n    echo \"error: The sandbox is not in sync with the Podfile.lock. Run 'pod install' or update your CocoaPods installation.\" >&2\n    exit 1\nfi\n# This output is used by Xcode 'outputs' to avoid re-running this script phase.\necho \"SUCCESS\" > \"${SCRIPT_OUTPUT_FILE_0}\"\n";
			showEnvVarsInLog = 0;
		};
		22DFF6F1A2645D6264B94AD8 /* [CP] Check Pods Manifest.lock */ = {
			isa = PBXShellScriptBuildPhase;
			buildActionMask = 2147483647;
			files = (
			);
			inputPaths = (
				"${PODS_PODFILE_DIR_PATH}/Podfile.lock",
				"${PODS_ROOT}/Manifest.lock",
			);
			name = "[CP] Check Pods Manifest.lock";
			outputPaths = (
				"$(DERIVED_FILE_DIR)/Pods-StockFrame-checkManifestLockResult.txt",
			);
			runOnlyForDeploymentPostprocessing = 0;
			shellPath = /bin/sh;
			shellScript = "diff \"${PODS_PODFILE_DIR_PATH}/Podfile.lock\" \"${PODS_ROOT}/Manifest.lock\" > /dev/null\nif [ $? != 0 ] ; then\n    # print error to STDERR\n    echo \"error: The sandbox is not in sync with the Podfile.lock. Run 'pod install' or update your CocoaPods installation.\" >&2\n    exit 1\nfi\n# This output is used by Xcode 'outputs' to avoid re-running this script phase.\necho \"SUCCESS\" > \"${SCRIPT_OUTPUT_FILE_0}\"\n";
			showEnvVarsInLog = 0;
		};
		4F9A209434460D16012EDF2A /* [CP] Copy Pods Resources */ = {
			isa = PBXShellScriptBuildPhase;
			buildActionMask = 2147483647;
			files = (
			);
			inputPaths = (
			);
			name = "[CP] Copy Pods Resources";
			outputPaths = (
			);
			runOnlyForDeploymentPostprocessing = 0;
			shellPath = /bin/sh;
			shellScript = "\"${SRCROOT}/Pods/Target Support Files/Pods-StockFrameTests/Pods-StockFrameTests-resources.sh\"\n";
			showEnvVarsInLog = 0;
		};
		680018D0DAE09D8C59F8C0D2 /* [CP] Copy Pods Resources */ = {
			isa = PBXShellScriptBuildPhase;
			buildActionMask = 2147483647;
			files = (
			);
			inputPaths = (
			);
			name = "[CP] Copy Pods Resources";
			outputPaths = (
			);
			runOnlyForDeploymentPostprocessing = 0;
			shellPath = /bin/sh;
			shellScript = "\"${SRCROOT}/Pods/Target Support Files/Pods-StockFrame/Pods-StockFrame-resources.sh\"\n";
			showEnvVarsInLog = 0;
		};
		93E3E835074FE022B07C2A4E /* [CP] Embed Pods Frameworks */ = {
			isa = PBXShellScriptBuildPhase;
			buildActionMask = 2147483647;
			files = (
			);
			inputPaths = (
				"${SRCROOT}/Pods/Target Support Files/Pods-StockFrame/Pods-StockFrame-frameworks.sh",
				"${BUILT_PRODUCTS_DIR}/Alamofire/Alamofire.framework",
				"${BUILT_PRODUCTS_DIR}/CocoaAsyncSocket/CocoaAsyncSocket.framework",
				"${BUILT_PRODUCTS_DIR}/MBProgressHUD/MBProgressHUD.framework",
				"${BUILT_PRODUCTS_DIR}/SDWebImage/SDWebImage.framework",
				"${BUILT_PRODUCTS_DIR}/SnapKit/SnapKit.framework",
				"${BUILT_PRODUCTS_DIR}/SwiftyJSON/SwiftyJSON.framework",
			);
			name = "[CP] Embed Pods Frameworks";
			outputPaths = (
				"${TARGET_BUILD_DIR}/${FRAMEWORKS_FOLDER_PATH}/Alamofire.framework",
				"${TARGET_BUILD_DIR}/${FRAMEWORKS_FOLDER_PATH}/CocoaAsyncSocket.framework",
				"${TARGET_BUILD_DIR}/${FRAMEWORKS_FOLDER_PATH}/MBProgressHUD.framework",
				"${TARGET_BUILD_DIR}/${FRAMEWORKS_FOLDER_PATH}/SDWebImage.framework",
				"${TARGET_BUILD_DIR}/${FRAMEWORKS_FOLDER_PATH}/SnapKit.framework",
				"${TARGET_BUILD_DIR}/${FRAMEWORKS_FOLDER_PATH}/SwiftyJSON.framework",
			);
			runOnlyForDeploymentPostprocessing = 0;
			shellPath = /bin/sh;
			shellScript = "\"${SRCROOT}/Pods/Target Support Files/Pods-StockFrame/Pods-StockFrame-frameworks.sh\"\n";
			showEnvVarsInLog = 0;
		};
/* End PBXShellScriptBuildPhase section */

/* Begin PBXSourcesBuildPhase section */
		292F2D5A204F92B0005AF091 /* Sources */ = {
			isa = PBXSourcesBuildPhase;
			buildActionMask = 2147483647;
			files = (
				296A9A6720E397B600AA07DE /* UIColor+Extension.swift in Sources */,
				296A9A5520E366B400AA07DE /* UIImage+Extension.swift in Sources */,
				296A9A4E20E35EB800AA07DE /* GlobalMacro.swift in Sources */,
				2990137420D3AFE0009B914C /* NodeItem.swift in Sources */,
				2947DCC120B7F081007BCAF4 /* TabBarControllerBase.swift in Sources */,
				2947DCD520B8068E007BCAF4 /* GDataXMLNode.m in Sources */,
				296A9A5920E3713200AA07DE /* FDTEntry.swift in Sources */,
				296A9A5020E362E700AA07DE /* String+Extension.swift in Sources */,
				296A9A5F20E393A900AA07DE /* FinancialViewController.swift in Sources */,
				296A9A5D20E3938700AA07DE /* StockViewController.swift in Sources */,
				292F2D64204F92B0005AF091 /* ViewController.swift in Sources */,
				292F2D62204F92B0005AF091 /* AppDelegate.swift in Sources */,
				2947DCB620B7D999007BCAF4 /* FDTUIFrameWork.swift in Sources */,
				2990137220D3AFC9009B914C /* ViewControllerBase.swift in Sources */,
				296A9A6120E393BC00AA07DE /* TransactionViewController.swift in Sources */,
				296A9A5720E370F500AA07DE /* FDTUIWindow.swift in Sources */,
				296A9A6520E3973A00AA07DE /* FDTEnum.swift in Sources */,
				296A9A6320E393CA00AA07DE /* MineViewController.swift in Sources */,
				2947DCBE20B7E126007BCAF4 /* FDTUITabFrame.swift in Sources */,
				2947DCC320B7F1DA007BCAF4 /* NavigationControllerBase.swift in Sources */,
				29F3900420DC8D2E00E76165 /* NodeManager.swift in Sources */,
			);
			runOnlyForDeploymentPostprocessing = 0;
		};
		292F2D6E204F92B0005AF091 /* Sources */ = {
			isa = PBXSourcesBuildPhase;
			buildActionMask = 2147483647;
			files = (
				292F2D77204F92B0005AF091 /* StockFrameTests.swift in Sources */,
			);
			runOnlyForDeploymentPostprocessing = 0;
		};
		292F2D79204F92B0005AF091 /* Sources */ = {
			isa = PBXSourcesBuildPhase;
			buildActionMask = 2147483647;
			files = (
				292F2D82204F92B0005AF091 /* StockFrameUITests.swift in Sources */,
			);
			runOnlyForDeploymentPostprocessing = 0;
		};
/* End PBXSourcesBuildPhase section */

/* Begin PBXTargetDependency section */
		292F2D74204F92B0005AF091 /* PBXTargetDependency */ = {
			isa = PBXTargetDependency;
			target = 292F2D5D204F92B0005AF091 /* StockFrame */;
			targetProxy = 292F2D73204F92B0005AF091 /* PBXContainerItemProxy */;
		};
		292F2D7F204F92B0005AF091 /* PBXTargetDependency */ = {
			isa = PBXTargetDependency;
			target = 292F2D5D204F92B0005AF091 /* StockFrame */;
			targetProxy = 292F2D7E204F92B0005AF091 /* PBXContainerItemProxy */;
		};
/* End PBXTargetDependency section */

/* Begin PBXVariantGroup section */
		292F2D65204F92B0005AF091 /* Main.storyboard */ = {
			isa = PBXVariantGroup;
			children = (
				292F2D66204F92B0005AF091 /* Base */,
			);
			name = Main.storyboard;
			sourceTree = "<group>";
		};
		292F2D6A204F92B0005AF091 /* LaunchScreen.storyboard */ = {
			isa = PBXVariantGroup;
			children = (
				292F2D6B204F92B0005AF091 /* Base */,
			);
			name = LaunchScreen.storyboard;
			sourceTree = "<group>";
		};
/* End PBXVariantGroup section */

/* Begin XCBuildConfiguration section */
		292F2D84204F92B0005AF091 /* Debug */ = {
			isa = XCBuildConfiguration;
			buildSettings = {
				ALWAYS_SEARCH_USER_PATHS = NO;
				CLANG_ANALYZER_NONNULL = YES;
				CLANG_ANALYZER_NUMBER_OBJECT_CONVERSION = YES_AGGRESSIVE;
				CLANG_CXX_LANGUAGE_STANDARD = "gnu++14";
				CLANG_CXX_LIBRARY = "libc++";
				CLANG_ENABLE_MODULES = YES;
				CLANG_ENABLE_OBJC_ARC = YES;
				CLANG_WARN_BLOCK_CAPTURE_AUTORELEASING = YES;
				CLANG_WARN_BOOL_CONVERSION = YES;
				CLANG_WARN_COMMA = YES;
				CLANG_WARN_CONSTANT_CONVERSION = YES;
				CLANG_WARN_DIRECT_OBJC_ISA_USAGE = YES_ERROR;
				CLANG_WARN_DOCUMENTATION_COMMENTS = YES;
				CLANG_WARN_EMPTY_BODY = YES;
				CLANG_WARN_ENUM_CONVERSION = YES;
				CLANG_WARN_INFINITE_RECURSION = YES;
				CLANG_WARN_INT_CONVERSION = YES;
				CLANG_WARN_NON_LITERAL_NULL_CONVERSION = YES;
				CLANG_WARN_OBJC_LITERAL_CONVERSION = YES;
				CLANG_WARN_OBJC_ROOT_CLASS = YES_ERROR;
				CLANG_WARN_RANGE_LOOP_ANALYSIS = YES;
				CLANG_WARN_STRICT_PROTOTYPES = YES;
				CLANG_WARN_SUSPICIOUS_MOVE = YES;
				CLANG_WARN_UNGUARDED_AVAILABILITY = YES_AGGRESSIVE;
				CLANG_WARN_UNREACHABLE_CODE = YES;
				CLANG_WARN__DUPLICATE_METHOD_MATCH = YES;
				CODE_SIGN_IDENTITY = "iPhone Developer";
				COPY_PHASE_STRIP = NO;
				DEBUG_INFORMATION_FORMAT = dwarf;
				ENABLE_STRICT_OBJC_MSGSEND = YES;
				ENABLE_TESTABILITY = YES;
				GCC_C_LANGUAGE_STANDARD = gnu11;
				GCC_DYNAMIC_NO_PIC = NO;
				GCC_NO_COMMON_BLOCKS = YES;
				GCC_OPTIMIZATION_LEVEL = 0;
				GCC_PREPROCESSOR_DEFINITIONS = (
					"DEBUG=1",
					"$(inherited)",
				);
				GCC_WARN_64_TO_32_BIT_CONVERSION = YES;
				GCC_WARN_ABOUT_RETURN_TYPE = YES_ERROR;
				GCC_WARN_UNDECLARED_SELECTOR = YES;
				GCC_WARN_UNINITIALIZED_AUTOS = YES_AGGRESSIVE;
				GCC_WARN_UNUSED_FUNCTION = YES;
				GCC_WARN_UNUSED_VARIABLE = YES;
				IPHONEOS_DEPLOYMENT_TARGET = 11.2;
				MTL_ENABLE_DEBUG_INFO = YES;
				ONLY_ACTIVE_ARCH = YES;
				SDKROOT = iphoneos;
				SWIFT_ACTIVE_COMPILATION_CONDITIONS = DEBUG;
				SWIFT_OPTIMIZATION_LEVEL = "-Onone";
			};
			name = Debug;
		};
		292F2D85204F92B0005AF091 /* Release */ = {
			isa = XCBuildConfiguration;
			buildSettings = {
				ALWAYS_SEARCH_USER_PATHS = NO;
				CLANG_ANALYZER_NONNULL = YES;
				CLANG_ANALYZER_NUMBER_OBJECT_CONVERSION = YES_AGGRESSIVE;
				CLANG_CXX_LANGUAGE_STANDARD = "gnu++14";
				CLANG_CXX_LIBRARY = "libc++";
				CLANG_ENABLE_MODULES = YES;
				CLANG_ENABLE_OBJC_ARC = YES;
				CLANG_WARN_BLOCK_CAPTURE_AUTORELEASING = YES;
				CLANG_WARN_BOOL_CONVERSION = YES;
				CLANG_WARN_COMMA = YES;
				CLANG_WARN_CONSTANT_CONVERSION = YES;
				CLANG_WARN_DIRECT_OBJC_ISA_USAGE = YES_ERROR;
				CLANG_WARN_DOCUMENTATION_COMMENTS = YES;
				CLANG_WARN_EMPTY_BODY = YES;
				CLANG_WARN_ENUM_CONVERSION = YES;
				CLANG_WARN_INFINITE_RECURSION = YES;
				CLANG_WARN_INT_CONVERSION = YES;
				CLANG_WARN_NON_LITERAL_NULL_CONVERSION = YES;
				CLANG_WARN_OBJC_LITERAL_CONVERSION = YES;
				CLANG_WARN_OBJC_ROOT_CLASS = YES_ERROR;
				CLANG_WARN_RANGE_LOOP_ANALYSIS = YES;
				CLANG_WARN_STRICT_PROTOTYPES = YES;
				CLANG_WARN_SUSPICIOUS_MOVE = YES;
				CLANG_WARN_UNGUARDED_AVAILABILITY = YES_AGGRESSIVE;
				CLANG_WARN_UNREACHABLE_CODE = YES;
				CLANG_WARN__DUPLICATE_METHOD_MATCH = YES;
				CODE_SIGN_IDENTITY = "iPhone Developer";
				COPY_PHASE_STRIP = NO;
				DEBUG_INFORMATION_FORMAT = "dwarf-with-dsym";
				ENABLE_NS_ASSERTIONS = NO;
				ENABLE_STRICT_OBJC_MSGSEND = YES;
				GCC_C_LANGUAGE_STANDARD = gnu11;
				GCC_NO_COMMON_BLOCKS = YES;
				GCC_WARN_64_TO_32_BIT_CONVERSION = YES;
				GCC_WARN_ABOUT_RETURN_TYPE = YES_ERROR;
				GCC_WARN_UNDECLARED_SELECTOR = YES;
				GCC_WARN_UNINITIALIZED_AUTOS = YES_AGGRESSIVE;
				GCC_WARN_UNUSED_FUNCTION = YES;
				GCC_WARN_UNUSED_VARIABLE = YES;
				IPHONEOS_DEPLOYMENT_TARGET = 11.2;
				MTL_ENABLE_DEBUG_INFO = NO;
				SDKROOT = iphoneos;
				SWIFT_OPTIMIZATION_LEVEL = "-Owholemodule";
				VALIDATE_PRODUCT = YES;
			};
			name = Release;
		};
		292F2D87204F92B0005AF091 /* Debug */ = {
			isa = XCBuildConfiguration;
			baseConfigurationReference = 863EB99F651FBCC656F4C49A /* Pods-StockFrame.debug.xcconfig */;
			buildSettings = {
				ASSETCATALOG_COMPILER_APPICON_NAME = AppIcon;
				CODE_SIGN_STYLE = Automatic;
				DEVELOPMENT_TEAM = V6NW7WG93P;
				HEADER_SEARCH_PATHS = /usr/include/libxml2;
				INFOPLIST_FILE = StockFrame/Info.plist;
				LD_RUNPATH_SEARCH_PATHS = "$(inherited) @executable_path/Frameworks";
				PRODUCT_BUNDLE_IDENTIFIER = hz.StockFrame;
				PRODUCT_NAME = "$(TARGET_NAME)";
				SWIFT_OBJC_BRIDGING_HEADER = "StockFrame/StockFrame-Bridging-Header.h";
				SWIFT_VERSION = 4.0;
				TARGETED_DEVICE_FAMILY = "1,2";
			};
			name = Debug;
		};
		292F2D88204F92B0005AF091 /* Release */ = {
			isa = XCBuildConfiguration;
			baseConfigurationReference = 555E1DC5B9168A94DF945015 /* Pods-StockFrame.release.xcconfig */;
			buildSettings = {
				ASSETCATALOG_COMPILER_APPICON_NAME = AppIcon;
				CODE_SIGN_STYLE = Automatic;
				DEVELOPMENT_TEAM = V6NW7WG93P;
				HEADER_SEARCH_PATHS = /usr/include/libxml2;
				INFOPLIST_FILE = StockFrame/Info.plist;
				LD_RUNPATH_SEARCH_PATHS = "$(inherited) @executable_path/Frameworks";
				PRODUCT_BUNDLE_IDENTIFIER = hz.StockFrame;
				PRODUCT_NAME = "$(TARGET_NAME)";
				SWIFT_OBJC_BRIDGING_HEADER = "StockFrame/StockFrame-Bridging-Header.h";
				SWIFT_VERSION = 4.0;
				TARGETED_DEVICE_FAMILY = "1,2";
			};
			name = Release;
		};
		292F2D8A204F92B0005AF091 /* Debug */ = {
			isa = XCBuildConfiguration;
			baseConfigurationReference = 834AF762B77B599313483F71 /* Pods-StockFrameTests.debug.xcconfig */;
			buildSettings = {
				ALWAYS_EMBED_SWIFT_STANDARD_LIBRARIES = YES;
				BUNDLE_LOADER = "$(TEST_HOST)";
				CODE_SIGN_STYLE = Automatic;
				DEVELOPMENT_TEAM = V6NW7WG93P;
				INFOPLIST_FILE = StockFrameTests/Info.plist;
				LD_RUNPATH_SEARCH_PATHS = "$(inherited) @executable_path/Frameworks @loader_path/Frameworks";
				PRODUCT_BUNDLE_IDENTIFIER = hz.StockFrameTests;
				PRODUCT_NAME = "$(TARGET_NAME)";
				SWIFT_VERSION = 4.0;
				TARGETED_DEVICE_FAMILY = "1,2";
				TEST_HOST = "$(BUILT_PRODUCTS_DIR)/StockFrame.app/StockFrame";
			};
			name = Debug;
		};
		292F2D8B204F92B0005AF091 /* Release */ = {
			isa = XCBuildConfiguration;
			baseConfigurationReference = 8CEDA2EC51A15189C5A3B993 /* Pods-StockFrameTests.release.xcconfig */;
			buildSettings = {
				ALWAYS_EMBED_SWIFT_STANDARD_LIBRARIES = YES;
				BUNDLE_LOADER = "$(TEST_HOST)";
				CODE_SIGN_STYLE = Automatic;
				DEVELOPMENT_TEAM = V6NW7WG93P;
				INFOPLIST_FILE = StockFrameTests/Info.plist;
				LD_RUNPATH_SEARCH_PATHS = "$(inherited) @executable_path/Frameworks @loader_path/Frameworks";
				PRODUCT_BUNDLE_IDENTIFIER = hz.StockFrameTests;
				PRODUCT_NAME = "$(TARGET_NAME)";
				SWIFT_VERSION = 4.0;
				TARGETED_DEVICE_FAMILY = "1,2";
				TEST_HOST = "$(BUILT_PRODUCTS_DIR)/StockFrame.app/StockFrame";
			};
			name = Release;
		};
		292F2D8D204F92B0005AF091 /* Debug */ = {
			isa = XCBuildConfiguration;
			buildSettings = {
				ALWAYS_EMBED_SWIFT_STANDARD_LIBRARIES = YES;
				CODE_SIGN_STYLE = Automatic;
				DEVELOPMENT_TEAM = V6NW7WG93P;
				INFOPLIST_FILE = StockFrameUITests/Info.plist;
				LD_RUNPATH_SEARCH_PATHS = "$(inherited) @executable_path/Frameworks @loader_path/Frameworks";
				PRODUCT_BUNDLE_IDENTIFIER = hz.StockFrameUITests;
				PRODUCT_NAME = "$(TARGET_NAME)";
				SWIFT_VERSION = 4.0;
				TARGETED_DEVICE_FAMILY = "1,2";
				TEST_TARGET_NAME = StockFrame;
			};
			name = Debug;
		};
		292F2D8E204F92B0005AF091 /* Release */ = {
			isa = XCBuildConfiguration;
			buildSettings = {
				ALWAYS_EMBED_SWIFT_STANDARD_LIBRARIES = YES;
				CODE_SIGN_STYLE = Automatic;
				DEVELOPMENT_TEAM = V6NW7WG93P;
				INFOPLIST_FILE = StockFrameUITests/Info.plist;
				LD_RUNPATH_SEARCH_PATHS = "$(inherited) @executable_path/Frameworks @loader_path/Frameworks";
				PRODUCT_BUNDLE_IDENTIFIER = hz.StockFrameUITests;
				PRODUCT_NAME = "$(TARGET_NAME)";
				SWIFT_VERSION = 4.0;
				TARGETED_DEVICE_FAMILY = "1,2";
				TEST_TARGET_NAME = StockFrame;
			};
			name = Release;
		};
/* End XCBuildConfiguration section */

/* Begin XCConfigurationList section */
		292F2D59204F92B0005AF091 /* Build configuration list for PBXProject "StockFrame" */ = {
			isa = XCConfigurationList;
			buildConfigurations = (
				292F2D84204F92B0005AF091 /* Debug */,
				292F2D85204F92B0005AF091 /* Release */,
			);
			defaultConfigurationIsVisible = 0;
			defaultConfigurationName = Release;
		};
		292F2D86204F92B0005AF091 /* Build configuration list for PBXNativeTarget "StockFrame" */ = {
			isa = XCConfigurationList;
			buildConfigurations = (
				292F2D87204F92B0005AF091 /* Debug */,
				292F2D88204F92B0005AF091 /* Release */,
			);
			defaultConfigurationIsVisible = 0;
			defaultConfigurationName = Release;
		};
		292F2D89204F92B0005AF091 /* Build configuration list for PBXNativeTarget "StockFrameTests" */ = {
			isa = XCConfigurationList;
			buildConfigurations = (
				292F2D8A204F92B0005AF091 /* Debug */,
				292F2D8B204F92B0005AF091 /* Release */,
			);
			defaultConfigurationIsVisible = 0;
			defaultConfigurationName = Release;
		};
		292F2D8C204F92B0005AF091 /* Build configuration list for PBXNativeTarget "StockFrameUITests" */ = {
			isa = XCConfigurationList;
			buildConfigurations = (
				292F2D8D204F92B0005AF091 /* Debug */,
				292F2D8E204F92B0005AF091 /* Release */,
			);
			defaultConfigurationIsVisible = 0;
			defaultConfigurationName = Release;
		};
/* End XCConfigurationList section */
	};
	rootObject = 292F2D56204F92B0005AF091 /* Project object */;
}
